
Microsoft Visual Studio Solution File, Format Version 12.00
# Visual Studio 14
VisualStudioVersion = 14.0.24720.0
MinimumVisualStudioVersion = 10.0.40219.1
Project("{FAE04EC0-301F-11D3-BF4B-00C04F79EFBC}") = "ParallelComputing", "ParallelComputing\ParallelComputing.csproj", "{22EF55A7-38A7-4EAA-ADCE-83D219ACEC75}"
EndProject
Project("{FAE04EC0-301F-11D3-BF4B-00C04F79EFBC}") = "Common", "Common\Common.csproj", "{1C8E40BD-4AAE-4265-B310-3489E59951BF}"
EndProject
Project("{FAE04EC0-301F-11D3-BF4B-00C04F79EFBC}") = "ParallelComputing.Test", "Parallel.Test\ParallelComputing.Test.csproj", "{033E0A0D-4868-41C4-A4B8-1D3EAA81B68D}"
EndProject
Project("{FAE04EC0-301F-11D3-BF4B-00C04F79EFBC}") = "TapConsoleApplication", "TapConsoleApplication\TapConsoleApplication.csproj", "{2F4070FE-0234-4CEC-8E9C-7EB26CFE3D40}"
EndProject
Global
	GlobalSection(SolutionConfigurationPlatforms) = preSolution
		Debug|Any CPU = Debug|Any CPU
		Release|Any CPU = Release|Any CPU
	EndGlobalSection
	GlobalSection(ProjectConfigurationPlatforms) = postSolution
		{22EF55A7-38A7-4EAA-ADCE-83D219ACEC75}.Debug|Any CPU.ActiveCfg = Debug|Any CPU
		{22EF55A7-38A7-4EAA-ADCE-83D219ACEC75}.Debug|Any CPU.Build.0 = Debug|Any CPU
		{22EF55A7-38A7-4EAA-ADCE-83D219ACEC75}.Release|Any CPU.ActiveCfg = Release|Any CPU
		{22EF55A7-38A7-4EAA-ADCE-83D219ACEC75}.Release|Any CPU.Build.0 = Release|Any CPU
		{1C8E40BD-4AAE-4265-B310-3489E59951BF}.Debug|Any CPU.ActiveCfg = Debug|Any CPU
		{1C8E40BD-4AAE-4265-B310-3489E59951BF}.Debug|Any CPU.Build.0 = Debug|Any CPU
		{1C8E40BD-4AAE-4265-B310-3489E59951BF}.Release|Any CPU.ActiveCfg = Release|Any CPU
		{1C8E40BD-4AAE-4265-B310-3489E59951BF}.Release|Any CPU.Build.0 = Release|Any CPU
		{033E0A0D-4868-41C4-A4B8-1D3EAA81B68D}.Debug|Any CPU.ActiveCfg = Debug|Any CPU
		{033E0A0D-4868-41C4-A4B8-1D3EAA81B68D}.Debug|Any CPU.Build.0 = Debug|Any CPU
		{033E0A0D-4868-41C4-A4B8-1D3EAA81B68D}.Release|Any CPU.ActiveCfg = Release|Any CPU
		{033E0A0D-4868-41C4-A4B8-1D3EAA81B68D}.Release|Any CPU.Build.0 = Release|Any CPU
		{2F4070FE-0234-4CEC-8E9C-7EB26CFE3D40}.Debug|Any CPU.ActiveCfg = Debug|Any CPU
		{2F4070FE-0234-4CEC-8E9C-7EB26CFE3D40}.Debug|Any CPU.Build.0 = Debug|Any CPU
		{2F4070FE-0234-4CEC-8E9C-7EB26CFE3D40}.Release|Any CPU.ActiveCfg = Release|Any CPU
		{2F4070FE-0234-4CEC-8E9C-7EB26CFE3D40}.Release|Any CPU.Build.0 = Release|Any CPU
	EndGlobalSection
	GlobalSection(SolutionProperties) = preSolution
		HideSolutionNode = FALSE
	EndGlobalSection
EndGlobal
